
Microsoft Visual Studio Solution File, Format Version 12.00
# Visual Studio 15
VisualStudioVersion = 15.0.28307.106
MinimumVisualStudioVersion = 10.0.40219.1
Project("{FAE04EC0-301F-11D3-BF4B-00C04F79EFBC}") = "Interview", "InterviewPreparation\Interview.csproj", "{A25D2F36-871A-4FC5-A47D-8DAC566CAB42}"
EndProject
Project("{FAE04EC0-301F-11D3-BF4B-00C04F79EFBC}") = "InterviewTest", "InterviewTest\InterviewTest.csproj", "{3CB38A09-38F5-4EDD-BBF4-E65818D0468B}"
EndProject
Global
	GlobalSection(SolutionConfigurationPlatforms) = preSolution
		Debug|Any CPU = Debug|Any CPU
		Release|Any CPU = Release|Any CPU
	EndGlobalSection
	GlobalSection(ProjectConfigurationPlatforms) = postSolution
		{A25D2F36-871A-4FC5-A47D-8DAC566CAB42}.Debug|Any CPU.ActiveCfg = Debug|Any CPU
		{A25D2F36-871A-4FC5-A47D-8DAC566CAB42}.Debug|Any CPU.Build.0 = Debug|Any CPU
		{A25D2F36-871A-4FC5-A47D-8DAC566CAB42}.Release|Any CPU.ActiveCfg = Release|Any CPU
		{A25D2F36-871A-4FC5-A47D-8DAC566CAB42}.Release|Any CPU.Build.0 = Release|Any CPU
		{3CB38A09-38F5-4EDD-BBF4-E65818D0468B}.Debug|Any CPU.ActiveCfg = Debug|Any CPU
		{3CB38A09-38F5-4EDD-BBF4-E65818D0468B}.Debug|Any CPU.Build.0 = Debug|Any CPU
		{3CB38A09-38F5-4EDD-BBF4-E65818D0468B}.Release|Any CPU.ActiveCfg = Release|Any CPU
		{3CB38A09-38F5-4EDD-BBF4-E65818D0468B}.Release|Any CPU.Build.0 = Release|Any CPU
	EndGlobalSection
	GlobalSection(SolutionProperties) = preSolution
		HideSolutionNode = FALSE
	EndGlobalSection
	GlobalSection(ExtensibilityGlobals) = postSolution
		SolutionGuid = {C7C299B0-4E2B-4EEF-A140-6E688E3EE485}
	EndGlobalSection
EndGlobal
